
Microsoft Visual Studio Solution File, Format Version 12.00
# Visual Studio Version 16
VisualStudioVersion = 16.0.30621.155
MinimumVisualStudioVersion = 10.0.40219.1
Project("{FAE04EC0-301F-11D3-BF4B-00C04F79EFBC}") = "01_KomodoCafe_Console", "01_KomodoCafe_Console\01_KomodoCafe_Console.csproj", "{4ABC1E7E-0EE3-434E-B224-9C446EA93845}"
EndProject
Project("{FAE04EC0-301F-11D3-BF4B-00C04F79EFBC}") = "01_KomodoCafe_Repository", "01_KomodoCafe_Repository\01_KomodoCafe_Repository.csproj", "{137AB147-2CC9-41B0-8238-8DC5BFF6EF35}"
EndProject
Project("{FAE04EC0-301F-11D3-BF4B-00C04F79EFBC}") = "01_KomodoCafe_Tests", "01_KomodoCafe_Tests\01_KomodoCafe_Tests.csproj", "{87A8C61F-9C30-4E97-BD85-E650153D6164}"
EndProject
Project("{FAE04EC0-301F-11D3-BF4B-00C04F79EFBC}") = "02_ClaimsRepository", "02_ClaimsRepository\02_ClaimsRepository.csproj", "{C36B1690-0284-42E3-87EB-072E3CE07CCB}"
EndProject
Project("{FAE04EC0-301F-11D3-BF4B-00C04F79EFBC}") = "02_ClaimsRepoTests", "02_ClaimsRepoTests\02_ClaimsRepoTests.csproj", "{F6D8AC69-D0EF-4922-98B6-04C421B1E45E}"
EndProject
Project("{FAE04EC0-301F-11D3-BF4B-00C04F79EFBC}") = "02_ClaimsConsole", "02_ClaimsConsole\02_ClaimsConsole.csproj", "{8050CB17-9C99-4788-A8CE-5459858EB82C}"
EndProject
Project("{FAE04EC0-301F-11D3-BF4B-00C04F79EFBC}") = "03_BadgesConsole", "03_BadgesConsole\03_BadgesConsole.csproj", "{38EC2E84-ABB4-4E6B-8730-B9FD84F2E284}"
EndProject
Project("{FAE04EC0-301F-11D3-BF4B-00C04F79EFBC}") = "03_BadgesRepository", "03_BadgesRepository\03_BadgesRepository.csproj", "{203F6288-DE6A-43E2-854D-CBF998ED4163}"
EndProject
Project("{FAE04EC0-301F-11D3-BF4B-00C04F79EFBC}") = "03_BadgesRepoTests", "03_BadgesRepoTests\03_BadgesRepoTests.csproj", "{C4452891-8367-4190-BAA3-F0C8AA1E0F6B}"
EndProject
Global
	GlobalSection(SolutionConfigurationPlatforms) = preSolution
		Debug|Any CPU = Debug|Any CPU
		Release|Any CPU = Release|Any CPU
	EndGlobalSection
	GlobalSection(ProjectConfigurationPlatforms) = postSolution
		{4ABC1E7E-0EE3-434E-B224-9C446EA93845}.Debug|Any CPU.ActiveCfg = Debug|Any CPU
		{4ABC1E7E-0EE3-434E-B224-9C446EA93845}.Debug|Any CPU.Build.0 = Debug|Any CPU
		{4ABC1E7E-0EE3-434E-B224-9C446EA93845}.Release|Any CPU.ActiveCfg = Release|Any CPU
		{4ABC1E7E-0EE3-434E-B224-9C446EA93845}.Release|Any CPU.Build.0 = Release|Any CPU
		{137AB147-2CC9-41B0-8238-8DC5BFF6EF35}.Debug|Any CPU.ActiveCfg = Debug|Any CPU
		{137AB147-2CC9-41B0-8238-8DC5BFF6EF35}.Debug|Any CPU.Build.0 = Debug|Any CPU
		{137AB147-2CC9-41B0-8238-8DC5BFF6EF35}.Release|Any CPU.ActiveCfg = Release|Any CPU
		{137AB147-2CC9-41B0-8238-8DC5BFF6EF35}.Release|Any CPU.Build.0 = Release|Any CPU
		{87A8C61F-9C30-4E97-BD85-E650153D6164}.Debug|Any CPU.ActiveCfg = Debug|Any CPU
		{87A8C61F-9C30-4E97-BD85-E650153D6164}.Debug|Any CPU.Build.0 = Debug|Any CPU
		{87A8C61F-9C30-4E97-BD85-E650153D6164}.Release|Any CPU.ActiveCfg = Release|Any CPU
		{87A8C61F-9C30-4E97-BD85-E650153D6164}.Release|Any CPU.Build.0 = Release|Any CPU
		{C36B1690-0284-42E3-87EB-072E3CE07CCB}.Debug|Any CPU.ActiveCfg = Debug|Any CPU
		{C36B1690-0284-42E3-87EB-072E3CE07CCB}.Debug|Any CPU.Build.0 = Debug|Any CPU
		{C36B1690-0284-42E3-87EB-072E3CE07CCB}.Release|Any CPU.ActiveCfg = Release|Any CPU
		{C36B1690-0284-42E3-87EB-072E3CE07CCB}.Release|Any CPU.Build.0 = Release|Any CPU
		{F6D8AC69-D0EF-4922-98B6-04C421B1E45E}.Debug|Any CPU.ActiveCfg = Debug|Any CPU
		{F6D8AC69-D0EF-4922-98B6-04C421B1E45E}.Debug|Any CPU.Build.0 = Debug|Any CPU
		{F6D8AC69-D0EF-4922-98B6-04C421B1E45E}.Release|Any CPU.ActiveCfg = Release|Any CPU
		{F6D8AC69-D0EF-4922-98B6-04C421B1E45E}.Release|Any CPU.Build.0 = Release|Any CPU
		{8050CB17-9C99-4788-A8CE-5459858EB82C}.Debug|Any CPU.ActiveCfg = Debug|Any CPU
		{8050CB17-9C99-4788-A8CE-5459858EB82C}.Debug|Any CPU.Build.0 = Debug|Any CPU
		{8050CB17-9C99-4788-A8CE-5459858EB82C}.Release|Any CPU.ActiveCfg = Release|Any CPU
		{8050CB17-9C99-4788-A8CE-5459858EB82C}.Release|Any CPU.Build.0 = Release|Any CPU
		{38EC2E84-ABB4-4E6B-8730-B9FD84F2E284}.Debug|Any CPU.ActiveCfg = Debug|Any CPU
		{38EC2E84-ABB4-4E6B-8730-B9FD84F2E284}.Debug|Any CPU.Build.0 = Debug|Any CPU
		{38EC2E84-ABB4-4E6B-8730-B9FD84F2E284}.Release|Any CPU.ActiveCfg = Release|Any CPU
		{38EC2E84-ABB4-4E6B-8730-B9FD84F2E284}.Release|Any CPU.Build.0 = Release|Any CPU
		{203F6288-DE6A-43E2-854D-CBF998ED4163}.Debug|Any CPU.ActiveCfg = Debug|Any CPU
		{203F6288-DE6A-43E2-854D-CBF998ED4163}.Debug|Any CPU.Build.0 = Debug|Any CPU
		{203F6288-DE6A-43E2-854D-CBF998ED4163}.Release|Any CPU.ActiveCfg = Release|Any CPU
		{203F6288-DE6A-43E2-854D-CBF998ED4163}.Release|Any CPU.Build.0 = Release|Any CPU
		{C4452891-8367-4190-BAA3-F0C8AA1E0F6B}.Debug|Any CPU.ActiveCfg = Debug|Any CPU
		{C4452891-8367-4190-BAA3-F0C8AA1E0F6B}.Debug|Any CPU.Build.0 = Debug|Any CPU
		{C4452891-8367-4190-BAA3-F0C8AA1E0F6B}.Release|Any CPU.ActiveCfg = Release|Any CPU
		{C4452891-8367-4190-BAA3-F0C8AA1E0F6B}.Release|Any CPU.Build.0 = Release|Any CPU
	EndGlobalSection
	GlobalSection(SolutionProperties) = preSolution
		HideSolutionNode = FALSE
	EndGlobalSection
	GlobalSection(ExtensibilityGlobals) = postSolution
		SolutionGuid = {9F6F3764-515A-4399-A5FB-C4AA3EEB0211}
	EndGlobalSection
EndGlobal
